{
  "name": "2f7e7bff16d1c534",
  "lockfileVersion": 2,
  "requires": true,
  "packages": {
    "": {
      "dependencies": {
        "create-vue": "^3.1.6"
      }
    },
    "node_modules/create-vue": {
      "version": "3.1.6",
      "resolved": "https://registry.npmjs.org/create-vue/-/create-vue-3.1.6.tgz",
      "integrity": "sha512-+1cqmvz1/gJQDp8q8rI6nx/2H7QPLbPuoTDqvhy2BuIL3HaB+PAWf+goxzBvhSKbXH3VZ1o6LjQm3RIu++G6lQ==",
      "bin": {
        "create-vue": "outfile.cjs"
      },
      "engines": {
        "node": "^14.13.1 || >=16.0.0"
      }
    }
  },
  "dependencies": {
    "create-vue": {
      "version": "3.1.6",
      "resolved": "https://registry.npmjs.org/create-vue/-/create-vue-3.1.6.tgz",
      "integrity": "sha512-+1cqmvz1/gJQDp8q8rI6nx/2H7QPLbPuoTDqvhy2BuIL3HaB+PAWf+goxzBvhSKbXH3VZ1o6LjQm3RIu++G6lQ=="
    }
  }
}
